
Microsoft Visual Studio Solution File, Format Version 12.00
# Visual Studio Version 17
VisualStudioVersion = 17.0.32126.317
MinimumVisualStudioVersion = 10.0.40219.1
Project("{FAE04EC0-301F-11D3-BF4B-00C04F79EFBC}") = "PaulovLauncher", "PaulovLauncher\PaulovLauncher.csproj", "{B0B4F14B-4019-4D16-9D6C-F1322BADF185}"
EndProject
Global
	GlobalSection(SolutionConfigurationPlatforms) = preSolution
		Debug|Any CPU = Debug|Any CPU
		Release|Any CPU = Release|Any CPU
	EndGlobalSection
	GlobalSection(ProjectConfigurationPlatforms) = postSolution
		{B0B4F14B-4019-4D16-9D6C-F1322BADF185}.Debug|Any CPU.ActiveCfg = Debug|Any CPU
		{B0B4F14B-4019-4D16-9D6C-F1322BADF185}.Debug|Any CPU.Build.0 = Debug|Any CPU
		{B0B4F14B-4019-4D16-9D6C-F1322BADF185}.Release|Any CPU.ActiveCfg = Release|Any CPU
		{B0B4F14B-4019-4D16-9D6C-F1322BADF185}.Release|Any CPU.Build.0 = Release|Any CPU
	EndGlobalSection
	GlobalSection(SolutionProperties) = preSolution
		HideSolutionNode = FALSE
	EndGlobalSection
	GlobalSection(ExtensibilityGlobals) = postSolution
		SolutionGuid = {20F9010C-D87F-4612-AD52-A1C887BE3079}
	EndGlobalSection
EndGlobal
